lockfileVersion: '9.0'

settings:
  autoInstallPeers: true
  excludeLinksFromLockfile: false

importers:

  .:
    dependencies:
      effect:
        specifier: 3.22.2
        version: 3.22.2
    devDependencies:
      '@ast-grep/cli':
        specifier: ^0.45.3
        version: 0.45.3
      '@ast-grep/napi':
        specifier: ^0.45.3
        version: 0.45.3
      '@types/node':
        specifier: ^22.7.4
        version: 22.20.3
      typescript:
        specifier: ^5.6.3
        version: 5.9.3

packages:

  '@ast-grep/cli-darwin-arm64@0.45.3':
    resolution: {integrity: sha512-6RZg4gRMJcSJtEJuaW5z33qfwXD7kRDGZ0T0dTxVxsLSw5BkeAjR8REysxUwPWZn+oOkzPyZ3y7/qNnSI/diIA==}
    engines: {node: '>= 10'}
    cpu: [arm64]
    os: [darwin]

  '@ast-grep/cli-darwin-x64@0.45.3':
    resolution: {integrity: sha512-4z6ZknTMSlTirQuJ4xihXoLfG7YwAOxFCqkKuGAxAiP+K70zivib8R19vUoFJDy4s+rjyGNDdrm45/ClC5tITQ==}
    engines: {node: '>= 10'}
    cpu: [x64]
    os: [darwin]

  '@ast-grep/cli-linux-arm64-gnu@0.45.3':
    resolution: {integrity: sha512-T/N+Fl/pMqNjuyPV9PbTSR2bTlZrLKiCyHzJax6QNaOOVviXjEscROrAc6c0lFfc+Z07gW7Rt3oZKZdLEExutQ==}
    engines: {node: '>= 10'}
    cpu: [arm64]
    os: [linux]

  '@ast-grep/cli-linux-x64-gnu@0.45.3':
    resolution: {integrity: sha512-HbxIy6tZa8zn4J2hG8KVIo9n4+INAgVB8l2DyHqYxGKxnod8u2B4hfTGxbMm+BjBvYxKW4oGLZtYqInMyxidyQ==}
    engines: {node: '>= 10'}
    cpu: [x64]
    os: [linux]

  '@ast-grep/cli-win32-arm64-msvc@0.45.3':
    resolution: {integrity: sha512-X0+81Mgr8zsH6hu4Pqdr5h1IyAFUWbKS1PMkKT6awYiiTo/1uhVM/6WzJ+ohOQPmMTyt4poyyg46u2E4WzKECg==}
    engines: {node: '>= 10'}
    cpu: [arm64]
    os: [win32]

  '@ast-grep/cli-win32-ia32-msvc@0.45.3':
    resolution: {integrity: sha512-W4H27lU/xzzIOvRo4vDTjzq91PioLCjupR7jLmLVkAqAkX2YiNRixf8NjMcQgzAgr33jUsMlyutiTElLgi1O9g==}
    engines: {node: '>= 10'}
    cpu: [ia32]
    os: [win32]

  '@ast-grep/cli-win32-x64-msvc@0.45.3':
    resolution: {integrity: sha512-UZrpVbjLQqQIRxWqeMcwyLSIhlDZyhYb8SinssM38Oo6mEB2jMfHCEoigay9UOZTfUR268n72BBV48nW2h+QwA==}
    engines: {node: '>= 10'}
    cpu: [x64]
    os: [win32]

  '@ast-grep/cli@0.45.3':
    resolution: {integrity: sha512-Cm07SHb8Q8dJfAQhrPOveAGuuzznmf6IjQa2+0Yvjt8Qfo+XIVbEIo0Prng+UDVMlaCS/FkF2eA8M3F6z4+0Wg==}
    engines: {node: '>= 12.0.0'}
    hasBin: true

  '@ast-grep/napi-darwin-arm64@0.45.3':
    resolution: {integrity: sha512-rMZJ6frSpR/xSbeV4hiA9WR5hHqk3rVYX8lOqEoUCaUnjEuFXvHdGN4WawJ8pVDq/IqM1UnTtsDSYgUdVmO5DA==}
    engines: {node: '>= 10'}
    cpu: [arm64]
    os: [darwin]

  '@ast-grep/napi-darwin-x64@0.45.3':
    resolution: {integrity: sha512-tIclZ5pM+YSgk8NNTBoTkaclbS39cU5lbVfSrFWX4LUnxXfUPG+F+ppxyFjKwJTBELsGHEO4LdX3/Lc+FDwPNA==}
    engines: {node: '>= 10'}
    cpu: [x64]
    os: [darwin]

  '@ast-grep/napi-linux-arm64-gnu@0.45.3':
    resolution: {integrity: sha512-Bm8F7/oRHQkDXbjH+gBi9oB5huJ0q12r/AIOMIypf5PWlAVvh206Tsw468phw4Oh6kd4Ad1Z+gflNW1MutgK2g==}
    engines: {node: '>= 10'}
    cpu: [arm64]
    os: [linux]

  '@ast-grep/napi-linux-arm64-musl@0.45.3':
    resolution: {integrity: sha512-yr5xcRerV41GeRxmZ8SKbfGeyZRhQePoNNCgTAb4OrWMelWwbMI80aY7/IlF2bo1sN40BSW4hZdGIO/akTd1RQ==}
    engines: {node: '>= 10'}
    cpu: [arm64]
    os: [linux]

  '@ast-grep/napi-linux-x64-gnu@0.45.3':
    resolution: {integrity: sha512-lluRK3hxfHMQdFuVID6seAKVx4FH0kEwF6rCh5/I40Sf3EtNR2UCBXAqd6RBA6hqlSckktvBxCfw+h4aescDmg==}
    engines: {node: '>= 10'}
    cpu: [x64]
    os: [linux]

  '@ast-grep/napi-linux-x64-musl@0.45.3':
    resolution: {integrity: sha512-09wJQKq86LqILqQtw0+X09SzhcPwUnMVFKyia7S3XLbLqSeQpAMF55Y+zll53JRQ1dCzFEZJyvTT/7j9vwfE3w==}
    engines: {node: '>= 10'}
    cpu: [x64]
    os: [linux]

  '@ast-grep/napi-win32-arm64-msvc@0.45.3':
    resolution: {integrity: sha512-/HiVgw2cdtzXLDLoG4eBBcauekNXewfagy7qiVbjkVu/KcCH8dJ9lpj8DzeWwuBNtZxuD8jpiwP0M1pz3Bc3uw==}
    engines: {node: '>= 10'}
    cpu: [arm64]
    os: [win32]

  '@ast-grep/napi-win32-ia32-msvc@0.45.3':
    resolution: {integrity: sha512-/gwJrJQUw65uNtAFcG2rtSTr117Gqqy3bfjaljCPKsa65dTeRcMMnjKLlZ6V9/g8z+4Xf78kdhp5ECbir4yfSw==}
    engines: {node: '>= 10'}
    cpu: [ia32]
    os: [win32]

  '@ast-grep/napi-win32-x64-msvc@0.45.3':
    resolution: {integrity: sha512-CEZAMAsaDoQoVE3MT2c/ry3/ydfyaqlTjxv8DK5PG355SrdAYPgevGC2Me6tz4dhphJin89Y20VsnrS5UrYV5Q==}
    engines: {node: '>= 10'}
    cpu: [x64]
    os: [win32]

  '@ast-grep/napi@0.45.3':
    resolution: {integrity: sha512-bjJsUt0g3UCwbn9bjv7MnoR15rszSm79yPCXn4DWWK0NuYUUqBU/srtNMR4WnpfR7TnfBRdYFoqSNx0pGCNWJg==}
    engines: {node: '>= 10'}

  '@standard-schema/spec@1.1.0':
    resolution: {integrity: sha512-l2aFy5jALhniG5HgqrD6jXLi/rUWrKvqN/qJx6yoJsgKhblVd+iqqU4RCXavm/jPityDo5TCvKMnpjKnOriy0w==}

  '@types/node@22.20.3':
    resolution: {integrity: sha512-DZmzkmwHzXrLPAXPyKNDzlIwMMUZCVacoD25ywdy5YTKGbOx/2ld+Q38Im2zJ0vBuZP5Prd3VZutKZyXwkOS8A==}

  detect-libc@2.1.2:
    resolution: {integrity: sha512-Btj2BOOO83o3WyH59e8MgXsxEQVcarkUOpEYrubB0urwnN10yQ364rsiByU11nZlqWYZm05i/of7io4mzihBtQ==}
    engines: {node: '>=8'}

  effect@3.22.2:
    resolution: {integrity: sha512-fm1CQXCs7GTMwpadZxwU5rnAb2bN6mbQpknq/pXBGCzSKkosNYb9k0wsoL0TfB10rSa5xOEZJjo77u/KLXSANg==}

  fast-check@3.23.2:
    resolution: {integrity: sha512-h5+1OzzfCC3Ef7VbtKdcv7zsstUQwUDlYpUTvjeUsJAssPgLn7QzbboPtL5ro04Mq0rPOsMzl7q5hIbRs2wD1A==}
    engines: {node: '>=8.0.0'}

  pure-rand@6.1.0:
    resolution: {integrity: sha512-bVWawvoZoBYpp6yIoQtQXHZjmz35RSVHnUOTefl8Vcjr8snTPY1wnpSPMWekcFwbxI6gtmT7rSYPFvz71ldiOA==}

  typescript@5.9.3:
    resolution: {integrity: sha512-jl1vZzPDinLr9eUt3J/t7V6FgNEw9QjvBPdysz9KfQDD41fQrC2Y4vKQdiaUpFT4bXlb1RHhLpp8wtm6M5TgSw==}
    engines: {node: '>=14.17'}
    hasBin: true

  undici-types@6.21.0:
    resolution: {integrity: sha512-iwDZqg0QAGrg9Rav5H4n0M64c3mkR59cJ6wQp+7C4nI0gsmExaedaYLNO44eT4AtBBwjbTiGPMlt2Md0T9H9JQ==}

snapshots:

  '@ast-grep/cli-darwin-arm64@0.45.3':
    optional: true

  '@ast-grep/cli-darwin-x64@0.45.3':
    optional: true

  '@ast-grep/cli-linux-arm64-gnu@0.45.3':
    optional: true

  '@ast-grep/cli-linux-x64-gnu@0.45.3':
    optional: true

  '@ast-grep/cli-win32-arm64-msvc@0.45.3':
    optional: true

  '@ast-grep/cli-win32-ia32-msvc@0.45.3':
    optional: true

  '@ast-grep/cli-win32-x64-msvc@0.45.3':
    optional: true

  '@ast-grep/cli@0.45.3':
    dependencies:
      detect-libc: 2.1.2
    optionalDependencies:
      '@ast-grep/cli-darwin-arm64': 0.45.3
      '@ast-grep/cli-darwin-x64': 0.45.3
      '@ast-grep/cli-linux-arm64-gnu': 0.45.3
      '@ast-grep/cli-linux-x64-gnu': 0.45.3
      '@ast-grep/cli-win32-arm64-msvc': 0.45.3
      '@ast-grep/cli-win32-ia32-msvc': 0.45.3
      '@ast-grep/cli-win32-x64-msvc': 0.45.3

  '@ast-grep/napi-darwin-arm64@0.45.3':
    optional: true

  '@ast-grep/napi-darwin-x64@0.45.3':
    optional: true

  '@ast-grep/napi-linux-arm64-gnu@0.45.3':
    optional: true

  '@ast-grep/napi-linux-arm64-musl@0.45.3':
    optional: true

  '@ast-grep/napi-linux-x64-gnu@0.45.3':
    optional: true

  '@ast-grep/napi-linux-x64-musl@0.45.3':
    optional: true

  '@ast-grep/napi-win32-arm64-msvc@0.45.3':
    optional: true

  '@ast-grep/napi-win32-ia32-msvc@0.45.3':
    optional: true

  '@ast-grep/napi-win32-x64-msvc@0.45.3':
    optional: true

  '@ast-grep/napi@0.45.3':
    optionalDependencies:
      '@ast-grep/napi-darwin-arm64': 0.45.3
      '@ast-grep/napi-darwin-x64': 0.45.3
      '@ast-grep/napi-linux-arm64-gnu': 0.45.3
      '@ast-grep/napi-linux-arm64-musl': 0.45.3
      '@ast-grep/napi-linux-x64-gnu': 0.45.3
      '@ast-grep/napi-linux-x64-musl': 0.45.3
      '@ast-grep/napi-win32-arm64-msvc': 0.45.3
      '@ast-grep/napi-win32-ia32-msvc': 0.45.3
      '@ast-grep/napi-win32-x64-msvc': 0.45.3

  '@standard-schema/spec@1.1.0': {}

  '@types/node@22.20.3':
    dependencies:
      undici-types: 6.21.0

  detect-libc@2.1.2: {}

  effect@3.22.2:
    dependencies:
      '@standard-schema/spec': 1.1.0
      fast-check: 3.23.2

  fast-check@3.23.2:
    dependencies:
      pure-rand: 6.1.0

  pure-rand@6.1.0: {}

  typescript@5.9.3: {}

  undici-types@6.21.0: {}
